// !$*UTF8*$!
{
	archiveVersion = 1;
	classes = {
	};
	objectVersion = 55;
	objects = {

/* Begin PBXBuildFile section */
		401A37532876F7C600C411B9 /* swift_learning.xcdatamodeld in Sources */ = {isa = PBXBuildFile; fileRef = 401A37402876F7C400C411B9 /* swift_learning.xcdatamodeld */; };
		401A37542876F7C600C411B9 /* swift_learning.xcdatamodeld in Sources */ = {isa = PBXBuildFile; fileRef = 401A37402876F7C400C411B9 /* swift_learning.xcdatamodeld */; };
		401A37552876F7C600C411B9 /* swift_learningApp.swift in Sources */ = {isa = PBXBuildFile; fileRef = 401A37422876F7C400C411B9 /* swift_learningApp.swift */; };
		401A37562876F7C600C411B9 /* swift_learningApp.swift in Sources */ = {isa = PBXBuildFile; fileRef = 401A37422876F7C400C411B9 /* swift_learningApp.swift */; };
		401A37572876F7C600C411B9 /* ContentView.swift in Sources */ = {isa = PBXBuildFile; fileRef = 401A37432876F7C400C411B9 /* ContentView.swift */; };
		401A37582876F7C600C411B9 /* ContentView.swift in Sources */ = {isa = PBXBuildFile; fileRef = 401A37432876F7C400C411B9 /* ContentView.swift */; };
		401A37592876F7C600C411B9 /* Persistence.swift in Sources */ = {isa = PBXBuildFile; fileRef = 401A37442876F7C400C411B9 /* Persistence.swift */; };
		401A375A2876F7C600C411B9 /* Persistence.swift in Sources */ = {isa = PBXBuildFile; fileRef = 401A37442876F7C400C411B9 /* Persistence.swift */; };
		401A375B2876F7C600C411B9 /* Assets.xcassets in Resources */ = {isa = PBXBuildFile; fileRef = 401A37452876F7C600C411B9 /* Assets.xcassets */; };
		401A375C2876F7C600C411B9 /* Assets.xcassets in Resources */ = {isa = PBXBuildFile; fileRef = 401A37452876F7C600C411B9 /* Assets.xcassets */; };
		401A376B287711B800C411B9 /* ColorModel.swift in Sources */ = {isa = PBXBuildFile; fileRef = 401A376A287711B800C411B9 /* ColorModel.swift */; };
		401A376C287711B800C411B9 /* ColorModel.swift in Sources */ = {isa = PBXBuildFile; fileRef = 401A376A287711B800C411B9 /* ColorModel.swift */; };
		401A376E287712E600C411B9 /* DIManager.swift in Sources */ = {isa = PBXBuildFile; fileRef = 401A376D287712E600C411B9 /* DIManager.swift */; };
		401A376F287712E600C411B9 /* DIManager.swift in Sources */ = {isa = PBXBuildFile; fileRef = 401A376D287712E600C411B9 /* DIManager.swift */; };
		401A3771287714F900C411B9 /* ApiCall.swift in Sources */ = {isa = PBXBuildFile; fileRef = 401A3770287714F900C411B9 /* ApiCall.swift */; };
		401A3772287714F900C411B9 /* ApiCall.swift in Sources */ = {isa = PBXBuildFile; fileRef = 401A3770287714F900C411B9 /* ApiCall.swift */; };
		401A3777287715B000C411B9 /* NetworkingHelpers.swift in Sources */ = {isa = PBXBuildFile; fileRef = 401A3776287715B000C411B9 /* NetworkingHelpers.swift */; };
		401A3778287715B000C411B9 /* NetworkingHelpers.swift in Sources */ = {isa = PBXBuildFile; fileRef = 401A3776287715B000C411B9 /* NetworkingHelpers.swift */; };
		401A377C2877171100C411B9 /* ColorApiCalls.swift in Sources */ = {isa = PBXBuildFile; fileRef = 401A377B2877171100C411B9 /* ColorApiCalls.swift */; };
		401A377D2877171100C411B9 /* ColorApiCalls.swift in Sources */ = {isa = PBXBuildFile; fileRef = 401A377B2877171100C411B9 /* ColorApiCalls.swift */; };
		401A378028771A4400C411B9 /* AppEnvironment.swift in Sources */ = {isa = PBXBuildFile; fileRef = 401A377F28771A4400C411B9 /* AppEnvironment.swift */; };
		401A378128771A4400C411B9 /* AppEnvironment.swift in Sources */ = {isa = PBXBuildFile; fileRef = 401A377F28771A4400C411B9 /* AppEnvironment.swift */; };
		401A378328771BBB00C411B9 /* DIContainer.swift in Sources */ = {isa = PBXBuildFile; fileRef = 401A378228771BBB00C411B9 /* DIContainer.swift */; };
		401A378428771BBB00C411B9 /* DIContainer.swift in Sources */ = {isa = PBXBuildFile; fileRef = 401A378228771BBB00C411B9 /* DIContainer.swift */; };
		401A378728771C3A00C411B9 /* InteractorsContainer.swift in Sources */ = {isa = PBXBuildFile; fileRef = 401A378628771C3A00C411B9 /* InteractorsContainer.swift */; };
		401A378828771C3A00C411B9 /* InteractorsContainer.swift in Sources */ = {isa = PBXBuildFile; fileRef = 401A378628771C3A00C411B9 /* InteractorsContainer.swift */; };
		401A378A28771C6F00C411B9 /* ColourLoversInteractor.swift in Sources */ = {isa = PBXBuildFile; fileRef = 401A378928771C6F00C411B9 /* ColourLoversInteractor.swift */; };
		401A378B28771C6F00C411B9 /* ColourLoversInteractor.swift in Sources */ = {isa = PBXBuildFile; fileRef = 401A378928771C6F00C411B9 /* ColourLoversInteractor.swift */; };
		401A37952877200400C411B9 /* Constants.swift in Sources */ = {isa = PBXBuildFile; fileRef = 401A37942877200400C411B9 /* Constants.swift */; };
		401A37962877200400C411B9 /* Constants.swift in Sources */ = {isa = PBXBuildFile; fileRef = 401A37942877200400C411B9 /* Constants.swift */; };
		401A379C28781BEE00C411B9 /* Request.swift in Sources */ = {isa = PBXBuildFile; fileRef = 401A379B28781BEE00C411B9 /* Request.swift */; };
		401A379D28781C7C00C411B9 /* Request.swift in Sources */ = {isa = PBXBuildFile; fileRef = 401A379B28781BEE00C411B9 /* Request.swift */; };
		401A379F2878200C00C411B9 /* Host.swift in Sources */ = {isa = PBXBuildFile; fileRef = 401A379E2878200C00C411B9 /* Host.swift */; };
		401A37A02878200C00C411B9 /* Host.swift in Sources */ = {isa = PBXBuildFile; fileRef = 401A379E2878200C00C411B9 /* Host.swift */; };
		401A37A3287826C200C411B9 /* GetColorsRequest.swift in Sources */ = {isa = PBXBuildFile; fileRef = 401A37A2287826C200C411B9 /* GetColorsRequest.swift */; };
		401A37A4287826C200C411B9 /* GetColorsRequest.swift in Sources */ = {isa = PBXBuildFile; fileRef = 401A37A2287826C200C411B9 /* GetColorsRequest.swift */; };
		401A37A628782A4B00C411B9 /* NetworkController.swift in Sources */ = {isa = PBXBuildFile; fileRef = 401A37A528782A4B00C411B9 /* NetworkController.swift */; };
		401A37A728782A4B00C411B9 /* NetworkController.swift in Sources */ = {isa = PBXBuildFile; fileRef = 401A37A528782A4B00C411B9 /* NetworkController.swift */; };
		401A37A928782E6D00C411B9 /* RequestError.swift in Sources */ = {isa = PBXBuildFile; fileRef = 401A37A828782E6D00C411B9 /* RequestError.swift */; };
		401A37AA28782E6D00C411B9 /* RequestError.swift in Sources */ = {isa = PBXBuildFile; fileRef = 401A37A828782E6D00C411B9 /* RequestError.swift */; };
		4064F522288188A200AC2B28 /* ListColor.swift in Sources */ = {isa = PBXBuildFile; fileRef = 4064F521288188A200AC2B28 /* ListColor.swift */; };
		4064F523288188A200AC2B28 /* ListColor.swift in Sources */ = {isa = PBXBuildFile; fileRef = 4064F521288188A200AC2B28 /* ListColor.swift */; };
		409F086F288576D000512203 /* MainSectionList.swift in Sources */ = {isa = PBXBuildFile; fileRef = 409F086E288576D000512203 /* MainSectionList.swift */; };
		409F0870288576D000512203 /* MainSectionList.swift in Sources */ = {isa = PBXBuildFile; fileRef = 409F086E288576D000512203 /* MainSectionList.swift */; };
		409F087828857BAE00512203 /* GetPalettesRequest.swift in Sources */ = {isa = PBXBuildFile; fileRef = 409F087728857BAE00512203 /* GetPalettesRequest.swift */; };
		409F087928857BAE00512203 /* GetPalettesRequest.swift in Sources */ = {isa = PBXBuildFile; fileRef = 409F087728857BAE00512203 /* GetPalettesRequest.swift */; };
		409F087B28857DC900512203 /* Palette.swift in Sources */ = {isa = PBXBuildFile; fileRef = 409F087A28857DC900512203 /* Palette.swift */; };
		409F087C28857DC900512203 /* Palette.swift in Sources */ = {isa = PBXBuildFile; fileRef = 409F087A28857DC900512203 /* Palette.swift */; };
		409F08812886ACFE00512203 /* ColourLoversListViewModel.swift in Sources */ = {isa = PBXBuildFile; fileRef = 409F08802886ACFE00512203 /* ColourLoversListViewModel.swift */; };
		409F08822886ACFE00512203 /* ColourLoversListViewModel.swift in Sources */ = {isa = PBXBuildFile; fileRef = 409F08802886ACFE00512203 /* ColourLoversListViewModel.swift */; };
		409F08842886B3FC00512203 /* GetColorRequest.swift in Sources */ = {isa = PBXBuildFile; fileRef = 409F08832886B3FC00512203 /* GetColorRequest.swift */; };
		409F08852886B3FC00512203 /* GetColorRequest.swift in Sources */ = {isa = PBXBuildFile; fileRef = 409F08832886B3FC00512203 /* GetColorRequest.swift */; };
		409F08872886B40700512203 /* GetPaletteRequest.swift in Sources */ = {isa = PBXBuildFile; fileRef = 409F08862886B40700512203 /* GetPaletteRequest.swift */; };
		409F08882886B40700512203 /* GetPaletteRequest.swift in Sources */ = {isa = PBXBuildFile; fileRef = 409F08862886B40700512203 /* GetPaletteRequest.swift */; };
		409F088A2886BE4000512203 /* ColourLoversModel.swift in Sources */ = {isa = PBXBuildFile; fileRef = 409F08892886BE4000512203 /* ColourLoversModel.swift */; };
		409F088B2886BE4000512203 /* ColourLoversModel.swift in Sources */ = {isa = PBXBuildFile; fileRef = 409F08892886BE4000512203 /* ColourLoversModel.swift */; };
		409F088D2886D07C00512203 /* ColourLoversListView.swift in Sources */ = {isa = PBXBuildFile; fileRef = 409F088C2886D07C00512203 /* ColourLoversListView.swift */; };
		409F088E2886D07C00512203 /* ColourLoversListView.swift in Sources */ = {isa = PBXBuildFile; fileRef = 409F088C2886D07C00512203 /* ColourLoversListView.swift */; };
		409F08A62887DB4700512203 /* InfoView.swift in Sources */ = {isa = PBXBuildFile; fileRef = 409F08A52887DB4700512203 /* InfoView.swift */; };
		409F08A72887DB4700512203 /* InfoView.swift in Sources */ = {isa = PBXBuildFile; fileRef = 409F08A52887DB4700512203 /* InfoView.swift */; };
		409F08A92887DBE000512203 /* SearchView.swift in Sources */ = {isa = PBXBuildFile; fileRef = 409F08A82887DBE000512203 /* SearchView.swift */; };
		409F08AA2887DBE000512203 /* SearchView.swift in Sources */ = {isa = PBXBuildFile; fileRef = 409F08A82887DBE000512203 /* SearchView.swift */; };
		409F08B32888267600512203 /* StackNavigationView.swift in Sources */ = {isa = PBXBuildFile; fileRef = 409F08B22888267600512203 /* StackNavigationView.swift */; };
		409F08B42888267600512203 /* StackNavigationView.swift in Sources */ = {isa = PBXBuildFile; fileRef = 409F08B22888267600512203 /* StackNavigationView.swift */; };
		409F08BE2889341100512203 /* GetCurrentWeatherRequest.swift in Sources */ = {isa = PBXBuildFile; fileRef = 409F08BD2889341100512203 /* GetCurrentWeatherRequest.swift */; };
		409F08BF2889341100512203 /* GetCurrentWeatherRequest.swift in Sources */ = {isa = PBXBuildFile; fileRef = 409F08BD2889341100512203 /* GetCurrentWeatherRequest.swift */; };
		409F08C12889350A00512203 /* WeatherRepository.swift in Sources */ = {isa = PBXBuildFile; fileRef = 409F08C02889350A00512203 /* WeatherRepository.swift */; };
		409F08C22889350A00512203 /* WeatherRepository.swift in Sources */ = {isa = PBXBuildFile; fileRef = 409F08C02889350A00512203 /* WeatherRepository.swift */; };
		409F08C42889371B00512203 /* CurrentWeatherModel.swift in Sources */ = {isa = PBXBuildFile; fileRef = 409F08C32889371B00512203 /* CurrentWeatherModel.swift */; };
		409F08C52889371B00512203 /* CurrentWeatherModel.swift in Sources */ = {isa = PBXBuildFile; fileRef = 409F08C32889371B00512203 /* CurrentWeatherModel.swift */; };
		409F08C728893D7500512203 /* WeatherView.swift in Sources */ = {isa = PBXBuildFile; fileRef = 409F08C628893D7500512203 /* WeatherView.swift */; };
		409F08C828893D7500512203 /* WeatherView.swift in Sources */ = {isa = PBXBuildFile; fileRef = 409F08C628893D7500512203 /* WeatherView.swift */; };
		409F08CA28893D8600512203 /* WeatherTile.swift in Sources */ = {isa = PBXBuildFile; fileRef = 409F08C928893D8600512203 /* WeatherTile.swift */; };
		409F08CB28893D8600512203 /* WeatherTile.swift in Sources */ = {isa = PBXBuildFile; fileRef = 409F08C928893D8600512203 /* WeatherTile.swift */; };
		409F08CD28893F4D00512203 /* CurrentWeatherViewModel.swift in Sources */ = {isa = PBXBuildFile; fileRef = 409F08CC28893F4D00512203 /* CurrentWeatherViewModel.swift */; };
		409F08CE28893F4D00512203 /* CurrentWeatherViewModel.swift in Sources */ = {isa = PBXBuildFile; fileRef = 409F08CC28893F4D00512203 /* CurrentWeatherViewModel.swift */; };
		40B61A1C287C00B5001BD1AF /* ColourLoversRepository.swift in Sources */ = {isa = PBXBuildFile; fileRef = 40B61A1B287C00B5001BD1AF /* ColourLoversRepository.swift */; };
		40B61A1D287C00B5001BD1AF /* ColourLoversRepository.swift in Sources */ = {isa = PBXBuildFile; fileRef = 40B61A1B287C00B5001BD1AF /* ColourLoversRepository.swift */; };
		40B61A1F287C0E58001BD1AF /* Interpreter.swift in Sources */ = {isa = PBXBuildFile; fileRef = 40B61A1E287C0E58001BD1AF /* Interpreter.swift */; };
		40B61A20287C0E58001BD1AF /* Interpreter.swift in Sources */ = {isa = PBXBuildFile; fileRef = 40B61A1E287C0E58001BD1AF /* Interpreter.swift */; };
		40B61A22287C327D001BD1AF /* ColorDetails.swift in Sources */ = {isa = PBXBuildFile; fileRef = 40B61A21287C327D001BD1AF /* ColorDetails.swift */; };
		40B61A23287C327D001BD1AF /* ColorDetails.swift in Sources */ = {isa = PBXBuildFile; fileRef = 40B61A21287C327D001BD1AF /* ColorDetails.swift */; };
		40B61A28287DA3DC001BD1AF /* Cell.swift in Sources */ = {isa = PBXBuildFile; fileRef = 40B61A27287DA3DC001BD1AF /* Cell.swift */; };
		40B61A29287DA3DC001BD1AF /* Cell.swift in Sources */ = {isa = PBXBuildFile; fileRef = 40B61A27287DA3DC001BD1AF /* Cell.swift */; };
		40B61A2B287DB8BC001BD1AF /* Colors.xcassets in Resources */ = {isa = PBXBuildFile; fileRef = 40B61A2A287DB8BC001BD1AF /* Colors.xcassets */; };
		40B61A2C287DB8BC001BD1AF /* Colors.xcassets in Resources */ = {isa = PBXBuildFile; fileRef = 40B61A2A287DB8BC001BD1AF /* Colors.xcassets */; };
		40B61A2F287DBA08001BD1AF /* ClolorStyle.swift in Sources */ = {isa = PBXBuildFile; fileRef = 40B61A2E287DBA08001BD1AF /* ClolorStyle.swift */; };
		40B61A30287DBA08001BD1AF /* ClolorStyle.swift in Sources */ = {isa = PBXBuildFile; fileRef = 40B61A2E287DBA08001BD1AF /* ClolorStyle.swift */; };
/* End PBXBuildFile section */

/* Begin PBXFileReference section */
		401A37412876F7C400C411B9 /* Shared.xcdatamodel */ = {isa = PBXFileReference; lastKnownFileType = wrapper.xcdatamodel; path = Shared.xcdatamodel; sourceTree = "<group>"; };
		401A37422876F7C400C411B9 /* swift_learningApp.swift */ = {isa = PBXFileReference; lastKnownFileType = sourcecode.swift; path = swift_learningApp.swift; sourceTree = "<group>"; };
		401A37432876F7C400C411B9 /* ContentView.swift */ = {isa = PBXFileReference; lastKnownFileType = sourcecode.swift; path = ContentView.swift; sourceTree = "<group>"; };
		401A37442876F7C400C411B9 /* Persistence.swift */ = {isa = PBXFileReference; lastKnownFileType = sourcecode.swift; path = Persistence.swift; sourceTree = "<group>"; };
		401A37452876F7C600C411B9 /* Assets.xcassets */ = {isa = PBXFileReference; lastKnownFileType = folder.assetcatalog; path = Assets.xcassets; sourceTree = "<group>"; };
		401A374A2876F7C600C411B9 /* swift-learning.app */ = {isa = PBXFileReference; explicitFileType = wrapper.application; includeInIndex = 0; path = "swift-learning.app"; sourceTree = BUILT_PRODUCTS_DIR; };
		401A37502876F7C600C411B9 /* swift-learning.app */ = {isa = PBXFileReference; explicitFileType = wrapper.application; includeInIndex = 0; path = "swift-learning.app"; sourceTree = BUILT_PRODUCTS_DIR; };
		401A37522876F7C600C411B9 /* macOS.entitlements */ = {isa = PBXFileReference; lastKnownFileType = text.plist.entitlements; path = macOS.entitlements; sourceTree = "<group>"; };
		401A376A287711B800C411B9 /* ColorModel.swift */ = {isa = PBXFileReference; lastKnownFileType = sourcecode.swift; path = ColorModel.swift; sourceTree = "<group>"; };
		401A376D287712E600C411B9 /* DIManager.swift */ = {isa = PBXFileReference; lastKnownFileType = sourcecode.swift; path = DIManager.swift; sourceTree = "<group>"; };
		401A3770287714F900C411B9 /* ApiCall.swift */ = {isa = PBXFileReference; lastKnownFileType = sourcecode.swift; path = ApiCall.swift; sourceTree = "<group>"; };
		401A3776287715B000C411B9 /* NetworkingHelpers.swift */ = {isa = PBXFileReference; lastKnownFileType = sourcecode.swift; path = NetworkingHelpers.swift; sourceTree = "<group>"; };
		401A377B2877171100C411B9 /* ColorApiCalls.swift */ = {isa = PBXFileReference; lastKnownFileType = sourcecode.swift; path = ColorApiCalls.swift; sourceTree = "<group>"; };
		401A377F28771A4400C411B9 /* AppEnvironment.swift */ = {isa = PBXFileReference; lastKnownFileType = sourcecode.swift; path = AppEnvironment.swift; sourceTree = "<group>"; };
		401A378228771BBB00C411B9 /* DIContainer.swift */ = {isa = PBXFileReference; lastKnownFileType = sourcecode.swift; path = DIContainer.swift; sourceTree = "<group>"; };
		401A378628771C3A00C411B9 /* InteractorsContainer.swift */ = {isa = PBXFileReference; lastKnownFileType = sourcecode.swift; path = InteractorsContainer.swift; sourceTree = "<group>"; };
		401A378928771C6F00C411B9 /* ColourLoversInteractor.swift */ = {isa = PBXFileReference; lastKnownFileType = sourcecode.swift; path = ColourLoversInteractor.swift; sourceTree = "<group>"; };
		401A37942877200400C411B9 /* Constants.swift */ = {isa = PBXFileReference; lastKnownFileType = sourcecode.swift; path = Constants.swift; sourceTree = "<group>"; };
		401A379B28781BEE00C411B9 /* Request.swift */ = {isa = PBXFileReference; lastKnownFileType = sourcecode.swift; path = Request.swift; sourceTree = "<group>"; };
		401A379E2878200C00C411B9 /* Host.swift */ = {isa = PBXFileReference; lastKnownFileType = sourcecode.swift; path = Host.swift; sourceTree = "<group>"; };
		401A37A2287826C200C411B9 /* GetColorsRequest.swift */ = {isa = PBXFileReference; lastKnownFileType = sourcecode.swift; path = GetColorsRequest.swift; sourceTree = "<group>"; };
		401A37A528782A4B00C411B9 /* NetworkController.swift */ = {isa = PBXFileReference; lastKnownFileType = sourcecode.swift; path = NetworkController.swift; sourceTree = "<group>"; };
		401A37A828782E6D00C411B9 /* RequestError.swift */ = {isa = PBXFileReference; lastKnownFileType = sourcecode.swift; path = RequestError.swift; sourceTree = "<group>"; };
		4064F521288188A200AC2B28 /* ListColor.swift */ = {isa = PBXFileReference; lastKnownFileType = sourcecode.swift; path = ListColor.swift; sourceTree = "<group>"; };
		409F086E288576D000512203 /* MainSectionList.swift */ = {isa = PBXFileReference; lastKnownFileType = sourcecode.swift; path = MainSectionList.swift; sourceTree = "<group>"; };
		409F087728857BAE00512203 /* GetPalettesRequest.swift */ = {isa = PBXFileReference; lastKnownFileType = sourcecode.swift; path = GetPalettesRequest.swift; sourceTree = "<group>"; };
		409F087A28857DC900512203 /* Palette.swift */ = {isa = PBXFileReference; lastKnownFileType = sourcecode.swift; path = Palette.swift; sourceTree = "<group>"; };
		409F08802886ACFE00512203 /* ColourLoversListViewModel.swift */ = {isa = PBXFileReference; lastKnownFileType = sourcecode.swift; path = ColourLoversListViewModel.swift; sourceTree = "<group>"; };
		409F08832886B3FC00512203 /* GetColorRequest.swift */ = {isa = PBXFileReference; lastKnownFileType = sourcecode.swift; path = GetColorRequest.swift; sourceTree = "<group>"; };
		409F08862886B40700512203 /* GetPaletteRequest.swift */ = {isa = PBXFileReference; lastKnownFileType = sourcecode.swift; path = GetPaletteRequest.swift; sourceTree = "<group>"; };
		409F08892886BE4000512203 /* ColourLoversModel.swift */ = {isa = PBXFileReference; lastKnownFileType = sourcecode.swift; path = ColourLoversModel.swift; sourceTree = "<group>"; };
		409F088C2886D07C00512203 /* ColourLoversListView.swift */ = {isa = PBXFileReference; lastKnownFileType = sourcecode.swift; path = ColourLoversListView.swift; sourceTree = "<group>"; };
		409F08A52887DB4700512203 /* InfoView.swift */ = {isa = PBXFileReference; lastKnownFileType = sourcecode.swift; path = InfoView.swift; sourceTree = "<group>"; };
		409F08A82887DBE000512203 /* SearchView.swift */ = {isa = PBXFileReference; lastKnownFileType = sourcecode.swift; path = SearchView.swift; sourceTree = "<group>"; };
		409F08B22888267600512203 /* StackNavigationView.swift */ = {isa = PBXFileReference; lastKnownFileType = sourcecode.swift; path = StackNavigationView.swift; sourceTree = "<group>"; };
		409F08BD2889341100512203 /* GetCurrentWeatherRequest.swift */ = {isa = PBXFileReference; lastKnownFileType = sourcecode.swift; path = GetCurrentWeatherRequest.swift; sourceTree = "<group>"; };
		409F08C02889350A00512203 /* WeatherRepository.swift */ = {isa = PBXFileReference; lastKnownFileType = sourcecode.swift; path = WeatherRepository.swift; sourceTree = "<group>"; };
		409F08C32889371B00512203 /* CurrentWeatherModel.swift */ = {isa = PBXFileReference; lastKnownFileType = sourcecode.swift; path = CurrentWeatherModel.swift; sourceTree = "<group>"; };
		409F08C628893D7500512203 /* WeatherView.swift */ = {isa = PBXFileReference; lastKnownFileType = sourcecode.swift; path = WeatherView.swift; sourceTree = "<group>"; };
		409F08C928893D8600512203 /* WeatherTile.swift */ = {isa = PBXFileReference; lastKnownFileType = sourcecode.swift; path = WeatherTile.swift; sourceTree = "<group>"; };
		409F08CC28893F4D00512203 /* CurrentWeatherViewModel.swift */ = {isa = PBXFileReference; lastKnownFileType = sourcecode.swift; path = CurrentWeatherViewModel.swift; sourceTree = "<group>"; };
		40B61A1B287C00B5001BD1AF /* ColourLoversRepository.swift */ = {isa = PBXFileReference; lastKnownFileType = sourcecode.swift; path = ColourLoversRepository.swift; sourceTree = "<group>"; };
		40B61A1E287C0E58001BD1AF /* Interpreter.swift */ = {isa = PBXFileReference; lastKnownFileType = sourcecode.swift; path = Interpreter.swift; sourceTree = "<group>"; };
		40B61A21287C327D001BD1AF /* ColorDetails.swift */ = {isa = PBXFileReference; lastKnownFileType = sourcecode.swift; path = ColorDetails.swift; sourceTree = "<group>"; };
		40B61A27287DA3DC001BD1AF /* Cell.swift */ = {isa = PBXFileReference; lastKnownFileType = sourcecode.swift; path = Cell.swift; sourceTree = "<group>"; };
		40B61A2A287DB8BC001BD1AF /* Colors.xcassets */ = {isa = PBXFileReference; lastKnownFileType = folder.assetcatalog; path = Colors.xcassets; sourceTree = "<group>"; };
		40B61A2E287DBA08001BD1AF /* ClolorStyle.swift */ = {isa = PBXFileReference; lastKnownFileType = sourcecode.swift; path = ClolorStyle.swift; sourceTree = "<group>"; };
/* End PBXFileReference section */

/* Begin PBXFrameworksBuildPhase section */
		401A37472876F7C600C411B9 /* Frameworks */ = {
			isa = PBXFrameworksBuildPhase;
			buildActionMask = 2147483647;
			files = (
			);
			runOnlyForDeploymentPostprocessing = 0;
		};
		401A374D2876F7C600C411B9 /* Frameworks */ = {
			isa = PBXFrameworksBuildPhase;
			buildActionMask = 2147483647;
			files = (
			);
			runOnlyForDeploymentPostprocessing = 0;
		};
/* End PBXFrameworksBuildPhase section */

/* Begin PBXGroup section */
		401A373A2876F7C400C411B9 = {
			isa = PBXGroup;
			children = (
				401A373F2876F7C400C411B9 /* Shared */,
				401A37512876F7C600C411B9 /* macOS */,
				401A374B2876F7C600C411B9 /* Products */,
			);
			sourceTree = "<group>";
		};
		401A373F2876F7C400C411B9 /* Shared */ = {
			isa = PBXGroup;
			children = (
				40B61A2D287DB9B0001BD1AF /* Assets */,
				401A379328771FF700C411B9 /* Utils */,
				401A379A28781BDD00C411B9 /* Networking */,
				401A377E2877192A00C411B9 /* Models */,
				4064F51D2881886600AC2B28 /* ViewModels */,
				401A378C28771E6500C411B9 /* Views */,
				401A37422876F7C400C411B9 /* swift_learningApp.swift */,
				401A37402876F7C400C411B9 /* swift_learning.xcdatamodeld */,
				401A37662877087300C411B9 /* Base */,
				401A37992877291A00C411B9 /* Clean code - for later */,
			);
			path = Shared;
			sourceTree = "<group>";
		};
		401A374B2876F7C600C411B9 /* Products */ = {
			isa = PBXGroup;
			children = (
				401A374A2876F7C600C411B9 /* swift-learning.app */,
				401A37502876F7C600C411B9 /* swift-learning.app */,
			);
			name = Products;
			sourceTree = "<group>";
		};
		401A37512876F7C600C411B9 /* macOS */ = {
			isa = PBXGroup;
			children = (
				401A37522876F7C600C411B9 /* macOS.entitlements */,
			);
			path = macOS;
			sourceTree = "<group>";
		};
		401A37662877087300C411B9 /* Base */ = {
			isa = PBXGroup;
			children = (
				401A37432876F7C400C411B9 /* ContentView.swift */,
				401A37442876F7C400C411B9 /* Persistence.swift */,
			);
			path = Base;
			sourceTree = "<group>";
		};
		401A3779287715CF00C411B9 /* API */ = {
			isa = PBXGroup;
			children = (
				401A377A287716FA00C411B9 /* Requests */,
				401A3770287714F900C411B9 /* ApiCall.swift */,
				401A3776287715B000C411B9 /* NetworkingHelpers.swift */,
			);
			path = API;
			sourceTree = "<group>";
		};
		401A377A287716FA00C411B9 /* Requests */ = {
			isa = PBXGroup;
			children = (
				401A377B2877171100C411B9 /* ColorApiCalls.swift */,
			);
			path = Requests;
			sourceTree = "<group>";
		};
		401A377E2877192A00C411B9 /* Models */ = {
			isa = PBXGroup;
			children = (
				409F08892886BE4000512203 /* ColourLoversModel.swift */,
				401A376A287711B800C411B9 /* ColorModel.swift */,
				409F087A28857DC900512203 /* Palette.swift */,
				4064F521288188A200AC2B28 /* ListColor.swift */,
				409F08C32889371B00512203 /* CurrentWeatherModel.swift */,
			);
			path = Models;
			sourceTree = "<group>";
		};
		401A378528771C2A00C411B9 /* Interactors */ = {
			isa = PBXGroup;
			children = (
				401A378228771BBB00C411B9 /* DIContainer.swift */,
				401A378628771C3A00C411B9 /* InteractorsContainer.swift */,
				401A378928771C6F00C411B9 /* ColourLoversInteractor.swift */,
			);
			path = Interactors;
			sourceTree = "<group>";
		};
		401A378C28771E6500C411B9 /* Views */ = {
			isa = PBXGroup;
			children = (
				409F08D02889517100512203 /* Weather */,
				409F08CF2889516900512203 /* ColourLovers */,
				409F08AE2887E45A00512203 /* Common */,
			);
			path = Views;
			sourceTree = "<group>";
		};
		401A379328771FF700C411B9 /* Utils */ = {
			isa = PBXGroup;
			children = (
				401A376D287712E600C411B9 /* DIManager.swift */,
				401A37942877200400C411B9 /* Constants.swift */,
				40B61A2E287DBA08001BD1AF /* ClolorStyle.swift */,
			);
			path = Utils;
			sourceTree = "<group>";
		};
		401A37992877291A00C411B9 /* Clean code - for later */ = {
			isa = PBXGroup;
			children = (
				401A377F28771A4400C411B9 /* AppEnvironment.swift */,
				401A3779287715CF00C411B9 /* API */,
				401A378528771C2A00C411B9 /* Interactors */,
			);
			path = "Clean code - for later";
			sourceTree = "<group>";
		};
		401A379A28781BDD00C411B9 /* Networking */ = {
			isa = PBXGroup;
			children = (
				401A37A1287826A400C411B9 /* Requests */,
				401A379B28781BEE00C411B9 /* Request.swift */,
				401A379E2878200C00C411B9 /* Host.swift */,
				401A37A528782A4B00C411B9 /* NetworkController.swift */,
				40B61A1E287C0E58001BD1AF /* Interpreter.swift */,
				401A37A828782E6D00C411B9 /* RequestError.swift */,
				40B61A1B287C00B5001BD1AF /* ColourLoversRepository.swift */,
				409F08C02889350A00512203 /* WeatherRepository.swift */,
			);
			path = Networking;
			sourceTree = "<group>";
		};
		401A37A1287826A400C411B9 /* Requests */ = {
			isa = PBXGroup;
			children = (
				409F08BC288933F600512203 /* Weather */,
				409F08BB288933EC00512203 /* ColourLovers */,
			);
			path = Requests;
			sourceTree = "<group>";
		};
		4064F51D2881886600AC2B28 /* ViewModels */ = {
			isa = PBXGroup;
			children = (
				409F08802886ACFE00512203 /* ColourLoversListViewModel.swift */,
				409F08CC28893F4D00512203 /* CurrentWeatherViewModel.swift */,
			);
			path = ViewModels;
			sourceTree = "<group>";
		};
		409F08AE2887E45A00512203 /* Common */ = {
			isa = PBXGroup;
			children = (
				409F086E288576D000512203 /* MainSectionList.swift */,
				40B61A27287DA3DC001BD1AF /* Cell.swift */,
				409F08A52887DB4700512203 /* InfoView.swift */,
				409F08A82887DBE000512203 /* SearchView.swift */,
				409F08B22888267600512203 /* StackNavigationView.swift */,
			);
			path = Common;
			sourceTree = "<group>";
		};
		409F08BB288933EC00512203 /* ColourLovers */ = {
			isa = PBXGroup;
			children = (
				409F08832886B3FC00512203 /* GetColorRequest.swift */,
				401A37A2287826C200C411B9 /* GetColorsRequest.swift */,
				409F08862886B40700512203 /* GetPaletteRequest.swift */,
				409F087728857BAE00512203 /* GetPalettesRequest.swift */,
			);
			path = ColourLovers;
			sourceTree = "<group>";
		};
		409F08BC288933F600512203 /* Weather */ = {
			isa = PBXGroup;
			children = (
				409F08BD2889341100512203 /* GetCurrentWeatherRequest.swift */,
			);
			path = Weather;
			sourceTree = "<group>";
		};
		409F08CF2889516900512203 /* ColourLovers */ = {
			isa = PBXGroup;
			children = (
				409F088C2886D07C00512203 /* ColourLoversListView.swift */,
				40B61A21287C327D001BD1AF /* ColorDetails.swift */,
			);
			path = ColourLovers;
			sourceTree = "<group>";
		};
		409F08D02889517100512203 /* Weather */ = {
			isa = PBXGroup;
			children = (
				409F08C628893D7500512203 /* WeatherView.swift */,
				409F08C928893D8600512203 /* WeatherTile.swift */,
			);
			path = Weather;
			sourceTree = "<group>";
		};
		40B61A2D287DB9B0001BD1AF /* Assets */ = {
			isa = PBXGroup;
			children = (
				401A37452876F7C600C411B9 /* Assets.xcassets */,
				40B61A2A287DB8BC001BD1AF /* Colors.xcassets */,
			);
			path = Assets;
			sourceTree = "<group>";
		};
/* End PBXGroup section */

/* Begin PBXNativeTarget section */
		401A37492876F7C600C411B9 /* swift-learning (iOS) */ = {
			isa = PBXNativeTarget;
			buildConfigurationList = 401A375F2876F7C600C411B9 /* Build configuration list for PBXNativeTarget "swift-learning (iOS)" */;
			buildPhases = (
				401A37462876F7C600C411B9 /* Sources */,
				401A37472876F7C600C411B9 /* Frameworks */,
				401A37482876F7C600C411B9 /* Resources */,
			);
			buildRules = (
			);
			dependencies = (
			);
			name = "swift-learning (iOS)";
			packageProductDependencies = (
			);
			productName = "swift-learning (iOS)";
			productReference = 401A374A2876F7C600C411B9 /* swift-learning.app */;
			productType = "com.apple.product-type.application";
		};
		401A374F2876F7C600C411B9 /* swift-learning (macOS) */ = {
			isa = PBXNativeTarget;
			buildConfigurationList = 401A37622876F7C600C411B9 /* Build configuration list for PBXNativeTarget "swift-learning (macOS)" */;
			buildPhases = (
				401A374C2876F7C600C411B9 /* Sources */,
				401A374D2876F7C600C411B9 /* Frameworks */,
				401A374E2876F7C600C411B9 /* Resources */,
			);
			buildRules = (
			);
			dependencies = (
			);
			name = "swift-learning (macOS)";
			packageProductDependencies = (
			);
			productName = "swift-learning (macOS)";
			productReference = 401A37502876F7C600C411B9 /* swift-learning.app */;
			productType = "com.apple.product-type.application";
		};
/* End PBXNativeTarget section */

/* Begin PBXProject section */
		401A373B2876F7C400C411B9 /* Project object */ = {
			isa = PBXProject;
			attributes = {
				BuildIndependentTargetsInParallel = 1;
				LastSwiftUpdateCheck = 1340;
				LastUpgradeCheck = 1340;
				TargetAttributes = {
					401A37492876F7C600C411B9 = {
						CreatedOnToolsVersion = 13.4.1;
					};
					401A374F2876F7C600C411B9 = {
						CreatedOnToolsVersion = 13.4.1;
					};
				};
			};
			buildConfigurationList = 401A373E2876F7C400C411B9 /* Build configuration list for PBXProject "swift-learning" */;
			compatibilityVersion = "Xcode 13.0";
			developmentRegion = en;
			hasScannedForEncodings = 0;
			knownRegions = (
				en,
				Base,
			);
			mainGroup = 401A373A2876F7C400C411B9;
			packageReferences = (
			);
			productRefGroup = 401A374B2876F7C600C411B9 /* Products */;
			projectDirPath = "";
			projectRoot = "";
			targets = (
				401A37492876F7C600C411B9 /* swift-learning (iOS) */,
				401A374F2876F7C600C411B9 /* swift-learning (macOS) */,
			);
		};
/* End PBXProject section */

/* Begin PBXResourcesBuildPhase section */
		401A37482876F7C600C411B9 /* Resources */ = {
			isa = PBXResourcesBuildPhase;
			buildActionMask = 2147483647;
			files = (
				401A375B2876F7C600C411B9 /* Assets.xcassets in Resources */,
				40B61A2B287DB8BC001BD1AF /* Colors.xcassets in Resources */,
			);
			runOnlyForDeploymentPostprocessing = 0;
		};
		401A374E2876F7C600C411B9 /* Resources */ = {
			isa = PBXResourcesBuildPhase;
			buildActionMask = 2147483647;
			files = (
				401A375C2876F7C600C411B9 /* Assets.xcassets in Resources */,
				40B61A2C287DB8BC001BD1AF /* Colors.xcassets in Resources */,
			);
			runOnlyForDeploymentPostprocessing = 0;
		};
/* End PBXResourcesBuildPhase section */

/* Begin PBXSourcesBuildPhase section */
		401A37462876F7C600C411B9 /* Sources */ = {
			isa = PBXSourcesBuildPhase;
			buildActionMask = 2147483647;
			files = (
				409F08C12889350A00512203 /* WeatherRepository.swift in Sources */,
				409F08872886B40700512203 /* GetPaletteRequest.swift in Sources */,
				401A37A628782A4B00C411B9 /* NetworkController.swift in Sources */,
				401A378A28771C6F00C411B9 /* ColourLoversInteractor.swift in Sources */,
				409F08BE2889341100512203 /* GetCurrentWeatherRequest.swift in Sources */,
				40B61A1C287C00B5001BD1AF /* ColourLoversRepository.swift in Sources */,
				401A378728771C3A00C411B9 /* InteractorsContainer.swift in Sources */,
				40B61A28287DA3DC001BD1AF /* Cell.swift in Sources */,
				401A37532876F7C600C411B9 /* swift_learning.xcdatamodeld in Sources */,
				409F086F288576D000512203 /* MainSectionList.swift in Sources */,
				401A37592876F7C600C411B9 /* Persistence.swift in Sources */,
				401A3777287715B000C411B9 /* NetworkingHelpers.swift in Sources */,
				401A37552876F7C600C411B9 /* swift_learningApp.swift in Sources */,
				409F08C42889371B00512203 /* CurrentWeatherModel.swift in Sources */,
				401A378028771A4400C411B9 /* AppEnvironment.swift in Sources */,
				409F08A92887DBE000512203 /* SearchView.swift in Sources */,
				401A378328771BBB00C411B9 /* DIContainer.swift in Sources */,
				409F08C728893D7500512203 /* WeatherView.swift in Sources */,
				409F08812886ACFE00512203 /* ColourLoversListViewModel.swift in Sources */,
				409F08CA28893D8600512203 /* WeatherTile.swift in Sources */,
				409F08B32888267600512203 /* StackNavigationView.swift in Sources */,
				401A37572876F7C600C411B9 /* ContentView.swift in Sources */,
				401A379F2878200C00C411B9 /* Host.swift in Sources */,
				409F087B28857DC900512203 /* Palette.swift in Sources */,
				401A376E287712E600C411B9 /* DIManager.swift in Sources */,
				401A379C28781BEE00C411B9 /* Request.swift in Sources */,
				40B61A22287C327D001BD1AF /* ColorDetails.swift in Sources */,
				401A3771287714F900C411B9 /* ApiCall.swift in Sources */,
				401A37A3287826C200C411B9 /* GetColorsRequest.swift in Sources */,
				4064F522288188A200AC2B28 /* ListColor.swift in Sources */,
				40B61A2F287DBA08001BD1AF /* ClolorStyle.swift in Sources */,
				409F08842886B3FC00512203 /* GetColorRequest.swift in Sources */,
				40B61A1F287C0E58001BD1AF /* Interpreter.swift in Sources */,
				409F088A2886BE4000512203 /* ColourLoversModel.swift in Sources */,
				409F088D2886D07C00512203 /* ColourLoversListView.swift in Sources */,
				401A37A928782E6D00C411B9 /* RequestError.swift in Sources */,
				409F08A62887DB4700512203 /* InfoView.swift in Sources */,
				401A377C2877171100C411B9 /* ColorApiCalls.swift in Sources */,
				401A376B287711B800C411B9 /* ColorModel.swift in Sources */,
				409F08CD28893F4D00512203 /* CurrentWeatherViewModel.swift in Sources */,
				409F087828857BAE00512203 /* GetPalettesRequest.swift in Sources */,
				401A37952877200400C411B9 /* Constants.swift in Sources */,
			);
			runOnlyForDeploymentPostprocessing = 0;
		};
		401A374C2876F7C600C411B9 /* Sources */ = {
			isa = PBXSourcesBuildPhase;
			buildActionMask = 2147483647;
			files = (
				409F08C22889350A00512203 /* WeatherRepository.swift in Sources */,
				409F08882886B40700512203 /* GetPaletteRequest.swift in Sources */,
				401A37A728782A4B00C411B9 /* NetworkController.swift in Sources */,
				401A378B28771C6F00C411B9 /* ColourLoversInteractor.swift in Sources */,
				409F08BF2889341100512203 /* GetCurrentWeatherRequest.swift in Sources */,
				40B61A1D287C00B5001BD1AF /* ColourLoversRepository.swift in Sources */,
				401A378828771C3A00C411B9 /* InteractorsContainer.swift in Sources */,
				40B61A29287DA3DC001BD1AF /* Cell.swift in Sources */,
				401A37542876F7C600C411B9 /* swift_learning.xcdatamodeld in Sources */,
				409F0870288576D000512203 /* MainSectionList.swift in Sources */,
				401A375A2876F7C600C411B9 /* Persistence.swift in Sources */,
				401A3778287715B000C411B9 /* NetworkingHelpers.swift in Sources */,
				401A37562876F7C600C411B9 /* swift_learningApp.swift in Sources */,
				409F08C52889371B00512203 /* CurrentWeatherModel.swift in Sources */,
				401A378128771A4400C411B9 /* AppEnvironment.swift in Sources */,
				409F08AA2887DBE000512203 /* SearchView.swift in Sources */,
				401A378428771BBB00C411B9 /* DIContainer.swift in Sources */,
				409F08C828893D7500512203 /* WeatherView.swift in Sources */,
				409F08822886ACFE00512203 /* ColourLoversListViewModel.swift in Sources */,
				409F08CB28893D8600512203 /* WeatherTile.swift in Sources */,
				409F08B42888267600512203 /* StackNavigationView.swift in Sources */,
				401A37582876F7C600C411B9 /* ContentView.swift in Sources */,
				401A37A02878200C00C411B9 /* Host.swift in Sources */,
				409F087C28857DC900512203 /* Palette.swift in Sources */,
				401A376F287712E600C411B9 /* DIManager.swift in Sources */,
				401A379D28781C7C00C411B9 /* Request.swift in Sources */,
				40B61A23287C327D001BD1AF /* ColorDetails.swift in Sources */,
				401A3772287714F900C411B9 /* ApiCall.swift in Sources */,
				401A37A4287826C200C411B9 /* GetColorsRequest.swift in Sources */,
				4064F523288188A200AC2B28 /* ListColor.swift in Sources */,
				40B61A30287DBA08001BD1AF /* ClolorStyle.swift in Sources */,
				409F08852886B3FC00512203 /* GetColorRequest.swift in Sources */,
				40B61A20287C0E58001BD1AF /* Interpreter.swift in Sources */,
				409F088B2886BE4000512203 /* ColourLoversModel.swift in Sources */,
				409F088E2886D07C00512203 /* ColourLoversListView.swift in Sources */,
				401A37AA28782E6D00C411B9 /* RequestError.swift in Sources */,
				409F08A72887DB4700512203 /* InfoView.swift in Sources */,
				401A377D2877171100C411B9 /* ColorApiCalls.swift in Sources */,
				401A376C287711B800C411B9 /* ColorModel.swift in Sources */,
				409F08CE28893F4D00512203 /* CurrentWeatherViewModel.swift in Sources */,
				409F087928857BAE00512203 /* GetPalettesRequest.swift in Sources */,
				401A37962877200400C411B9 /* Constants.swift in Sources */,
			);
			runOnlyForDeploymentPostprocessing = 0;
		};
/* End PBXSourcesBuildPhase section */

/* Begin XCBuildConfiguration section */
		401A375D2876F7C600C411B9 /* Debug */ = {
			isa = XCBuildConfiguration;
			buildSettings = {
				ALWAYS_SEARCH_USER_PATHS = NO;
				CLANG_ANALYZER_NONNULL = YES;
				CLANG_ANALYZER_NUMBER_OBJECT_CONVERSION = YES_AGGRESSIVE;
				CLANG_CXX_LANGUAGE_STANDARD = "gnu++17";
				CLANG_ENABLE_MODULES = YES;
				CLANG_ENABLE_OBJC_ARC = YES;
				CLANG_ENABLE_OBJC_WEAK = YES;
				CLANG_WARN_BLOCK_CAPTURE_AUTORELEASING = YES;
				CLANG_WARN_BOOL_CONVERSION = YES;
				CLANG_WARN_COMMA = YES;
				CLANG_WARN_CONSTANT_CONVERSION = YES;
				CLANG_WARN_DEPRECATED_OBJC_IMPLEMENTATIONS = YES;
				CLANG_WARN_DIRECT_OBJC_ISA_USAGE = YES_ERROR;
				CLANG_WARN_DOCUMENTATION_COMMENTS = YES;
				CLANG_WARN_EMPTY_BODY = YES;
				CLANG_WARN_ENUM_CONVERSION = YES;
				CLANG_WARN_INFINITE_RECURSION = YES;
				CLANG_WARN_INT_CONVERSION = YES;
				CLANG_WARN_NON_LITERAL_NULL_CONVERSION = YES;
				CLANG_WARN_OBJC_IMPLICIT_RETAIN_SELF = YES;
				CLANG_WARN_OBJC_LITERAL_CONVERSION = YES;
				CLANG_WARN_OBJC_ROOT_CLASS = YES_ERROR;
				CLANG_WARN_QUOTED_INCLUDE_IN_FRAMEWORK_HEADER = YES;
				CLANG_WARN_RANGE_LOOP_ANALYSIS = YES;
				CLANG_WARN_STRICT_PROTOTYPES = YES;
				CLANG_WARN_SUSPICIOUS_MOVE = YES;
				CLANG_WARN_UNGUARDED_AVAILABILITY = YES_AGGRESSIVE;
				CLANG_WARN_UNREACHABLE_CODE = YES;
				CLANG_WARN__DUPLICATE_METHOD_MATCH = YES;
				COPY_PHASE_STRIP = NO;
				DEBUG_INFORMATION_FORMAT = dwarf;
				ENABLE_STRICT_OBJC_MSGSEND = YES;
				ENABLE_TESTABILITY = YES;
				GCC_C_LANGUAGE_STANDARD = gnu11;
				GCC_DYNAMIC_NO_PIC = NO;
				GCC_NO_COMMON_BLOCKS = YES;
				GCC_OPTIMIZATION_LEVEL = 0;
				GCC_PREPROCESSOR_DEFINITIONS = (
					"DEBUG=1",
					"$(inherited)",
				);
				GCC_WARN_64_TO_32_BIT_CONVERSION = YES;
				GCC_WARN_ABOUT_RETURN_TYPE = YES_ERROR;
				GCC_WARN_UNDECLARED_SELECTOR = YES;
				GCC_WARN_UNINITIALIZED_AUTOS = YES_AGGRESSIVE;
				GCC_WARN_UNUSED_FUNCTION = YES;
				GCC_WARN_UNUSED_VARIABLE = YES;
				MTL_ENABLE_DEBUG_INFO = INCLUDE_SOURCE;
				MTL_FAST_MATH = YES;
				ONLY_ACTIVE_ARCH = YES;
				SWIFT_ACTIVE_COMPILATION_CONDITIONS = DEBUG;
				SWIFT_OPTIMIZATION_LEVEL = "-Onone";
			};
			name = Debug;
		};
		401A375E2876F7C600C411B9 /* Release */ = {
			isa = XCBuildConfiguration;
			buildSettings = {
				ALWAYS_SEARCH_USER_PATHS = NO;
				CLANG_ANALYZER_NONNULL = YES;
				CLANG_ANALYZER_NUMBER_OBJECT_CONVERSION = YES_AGGRESSIVE;
				CLANG_CXX_LANGUAGE_STANDARD = "gnu++17";
				CLANG_ENABLE_MODULES = YES;
				CLANG_ENABLE_OBJC_ARC = YES;
				CLANG_ENABLE_OBJC_WEAK = YES;
				CLANG_WARN_BLOCK_CAPTURE_AUTORELEASING = YES;
				CLANG_WARN_BOOL_CONVERSION = YES;
				CLANG_WARN_COMMA = YES;
				CLANG_WARN_CONSTANT_CONVERSION = YES;
				CLANG_WARN_DEPRECATED_OBJC_IMPLEMENTATIONS = YES;
				CLANG_WARN_DIRECT_OBJC_ISA_USAGE = YES_ERROR;
				CLANG_WARN_DOCUMENTATION_COMMENTS = YES;
				CLANG_WARN_EMPTY_BODY = YES;
				CLANG_WARN_ENUM_CONVERSION = YES;
				CLANG_WARN_INFINITE_RECURSION = YES;
				CLANG_WARN_INT_CONVERSION = YES;
				CLANG_WARN_NON_LITERAL_NULL_CONVERSION = YES;
				CLANG_WARN_OBJC_IMPLICIT_RETAIN_SELF = YES;
				CLANG_WARN_OBJC_LITERAL_CONVERSION = YES;
				CLANG_WARN_OBJC_ROOT_CLASS = YES_ERROR;
				CLANG_WARN_QUOTED_INCLUDE_IN_FRAMEWORK_HEADER = YES;
				CLANG_WARN_RANGE_LOOP_ANALYSIS = YES;
				CLANG_WARN_STRICT_PROTOTYPES = YES;
				CLANG_WARN_SUSPICIOUS_MOVE = YES;
				CLANG_WARN_UNGUARDED_AVAILABILITY = YES_AGGRESSIVE;
				CLANG_WARN_UNREACHABLE_CODE = YES;
				CLANG_WARN__DUPLICATE_METHOD_MATCH = YES;
				COPY_PHASE_STRIP = NO;
				DEBUG_INFORMATION_FORMAT = "dwarf-with-dsym";
				ENABLE_NS_ASSERTIONS = NO;
				ENABLE_STRICT_OBJC_MSGSEND = YES;
				GCC_C_LANGUAGE_STANDARD = gnu11;
				GCC_NO_COMMON_BLOCKS = YES;
				GCC_WARN_64_TO_32_BIT_CONVERSION = YES;
				GCC_WARN_ABOUT_RETURN_TYPE = YES_ERROR;
				GCC_WARN_UNDECLARED_SELECTOR = YES;
				GCC_WARN_UNINITIALIZED_AUTOS = YES_AGGRESSIVE;
				GCC_WARN_UNUSED_FUNCTION = YES;
				GCC_WARN_UNUSED_VARIABLE = YES;
				MTL_ENABLE_DEBUG_INFO = NO;
				MTL_FAST_MATH = YES;
				SWIFT_COMPILATION_MODE = wholemodule;
				SWIFT_OPTIMIZATION_LEVEL = "-O";
			};
			name = Release;
		};
		401A37602876F7C600C411B9 /* Debug */ = {
			isa = XCBuildConfiguration;
			buildSettings = {
				ASSETCATALOG_COMPILER_APPICON_NAME = AppIcon;
				ASSETCATALOG_COMPILER_GLOBAL_ACCENT_COLOR_NAME = AccentColor;
				CODE_SIGN_STYLE = Automatic;
				CURRENT_PROJECT_VERSION = 1;
				DEVELOPMENT_TEAM = D6R2CATDYP;
				ENABLE_PREVIEWS = YES;
				GENERATE_INFOPLIST_FILE = YES;
				INFOPLIST_KEY_UIApplicationSceneManifest_Generation = YES;
				INFOPLIST_KEY_UIApplicationSupportsIndirectInputEvents = YES;
				INFOPLIST_KEY_UILaunchScreen_Generation = YES;
				INFOPLIST_KEY_UISupportedInterfaceOrientations_iPad = "UIInterfaceOrientationPortrait UIInterfaceOrientationPortraitUpsideDown UIInterfaceOrientationLandscapeLeft UIInterfaceOrientationLandscapeRight";
				INFOPLIST_KEY_UISupportedInterfaceOrientations_iPhone = "UIInterfaceOrientationPortrait UIInterfaceOrientationLandscapeLeft UIInterfaceOrientationLandscapeRight";
				IPHONEOS_DEPLOYMENT_TARGET = 15.0;
				LD_RUNPATH_SEARCH_PATHS = (
					"$(inherited)",
					"@executable_path/Frameworks",
				);
				MARKETING_VERSION = 1.0;
				PRODUCT_BUNDLE_IDENTIFIER = "com.trustme.swift-learning";
				PRODUCT_NAME = "swift-learning";
				SDKROOT = iphoneos;
				SWIFT_EMIT_LOC_STRINGS = YES;
				SWIFT_VERSION = 5.0;
				TARGETED_DEVICE_FAMILY = "1,2";
			};
			name = Debug;
		};
		401A37612876F7C600C411B9 /* Release */ = {
			isa = XCBuildConfiguration;
			buildSettings = {
				ASSETCATALOG_COMPILER_APPICON_NAME = AppIcon;
				ASSETCATALOG_COMPILER_GLOBAL_ACCENT_COLOR_NAME = AccentColor;
				CODE_SIGN_STYLE = Automatic;
				CURRENT_PROJECT_VERSION = 1;
				DEVELOPMENT_TEAM = D6R2CATDYP;
				ENABLE_PREVIEWS = YES;
				GENERATE_INFOPLIST_FILE = YES;
				INFOPLIST_KEY_UIApplicationSceneManifest_Generation = YES;
				INFOPLIST_KEY_UIApplicationSupportsIndirectInputEvents = YES;
				INFOPLIST_KEY_UILaunchScreen_Generation = YES;
				INFOPLIST_KEY_UISupportedInterfaceOrientations_iPad = "UIInterfaceOrientationPortrait UIInterfaceOrientationPortraitUpsideDown UIInterfaceOrientationLandscapeLeft UIInterfaceOrientationLandscapeRight";
				INFOPLIST_KEY_UISupportedInterfaceOrientations_iPhone = "UIInterfaceOrientationPortrait UIInterfaceOrientationLandscapeLeft UIInterfaceOrientationLandscapeRight";
				IPHONEOS_DEPLOYMENT_TARGET = 15.0;
				LD_RUNPATH_SEARCH_PATHS = (
					"$(inherited)",
					"@executable_path/Frameworks",
				);
				MARKETING_VERSION = 1.0;
				PRODUCT_BUNDLE_IDENTIFIER = "com.trustme.swift-learning";
				PRODUCT_NAME = "swift-learning";
				SDKROOT = iphoneos;
				SWIFT_EMIT_LOC_STRINGS = YES;
				SWIFT_VERSION = 5.0;
				TARGETED_DEVICE_FAMILY = "1,2";
				VALIDATE_PRODUCT = YES;
			};
			name = Release;
		};
		401A37632876F7C600C411B9 /* Debug */ = {
			isa = XCBuildConfiguration;
			buildSettings = {
				ASSETCATALOG_COMPILER_APPICON_NAME = AppIcon;
				ASSETCATALOG_COMPILER_GLOBAL_ACCENT_COLOR_NAME = AccentColor;
				CODE_SIGN_ENTITLEMENTS = macOS/macOS.entitlements;
				CODE_SIGN_STYLE = Automatic;
				COMBINE_HIDPI_IMAGES = YES;
				CURRENT_PROJECT_VERSION = 1;
				DEVELOPMENT_TEAM = D6R2CATDYP;
				ENABLE_HARDENED_RUNTIME = YES;
				ENABLE_PREVIEWS = YES;
				GENERATE_INFOPLIST_FILE = YES;
				INFOPLIST_KEY_NSHumanReadableCopyright = "";
				LD_RUNPATH_SEARCH_PATHS = (
					"$(inherited)",
					"@executable_path/../Frameworks",
				);
				MACOSX_DEPLOYMENT_TARGET = 12.0;
				MARKETING_VERSION = 1.0;
				PRODUCT_BUNDLE_IDENTIFIER = "com.trustme.swift-learning";
				PRODUCT_NAME = "swift-learning";
				SDKROOT = macosx;
				SWIFT_EMIT_LOC_STRINGS = YES;
				SWIFT_VERSION = 5.0;
			};
			name = Debug;
		};
		401A37642876F7C600C411B9 /* Release */ = {
			isa = XCBuildConfiguration;
			buildSettings = {
				ASSETCATALOG_COMPILER_APPICON_NAME = AppIcon;
				ASSETCATALOG_COMPILER_GLOBAL_ACCENT_COLOR_NAME = AccentColor;
				CODE_SIGN_ENTITLEMENTS = macOS/macOS.entitlements;
				CODE_SIGN_STYLE = Automatic;
				COMBINE_HIDPI_IMAGES = YES;
				CURRENT_PROJECT_VERSION = 1;
				DEVELOPMENT_TEAM = D6R2CATDYP;
				ENABLE_HARDENED_RUNTIME = YES;
				ENABLE_PREVIEWS = YES;
				GENERATE_INFOPLIST_FILE = YES;
				INFOPLIST_KEY_NSHumanReadableCopyright = "";
				LD_RUNPATH_SEARCH_PATHS = (
					"$(inherited)",
					"@executable_path/../Frameworks",
				);
				MACOSX_DEPLOYMENT_TARGET = 12.0;
				MARKETING_VERSION = 1.0;
				PRODUCT_BUNDLE_IDENTIFIER = "com.trustme.swift-learning";
				PRODUCT_NAME = "swift-learning";
				SDKROOT = macosx;
				SWIFT_EMIT_LOC_STRINGS = YES;
				SWIFT_VERSION = 5.0;
			};
			name = Release;
		};
/* End XCBuildConfiguration section */

/* Begin XCConfigurationList section */
		401A373E2876F7C400C411B9 /* Build configuration list for PBXProject "swift-learning" */ = {
			isa = XCConfigurationList;
			buildConfigurations = (
				401A375D2876F7C600C411B9 /* Debug */,
				401A375E2876F7C600C411B9 /* Release */,
			);
			defaultConfigurationIsVisible = 0;
			defaultConfigurationName = Release;
		};
		401A375F2876F7C600C411B9 /* Build configuration list for PBXNativeTarget "swift-learning (iOS)" */ = {
			isa = XCConfigurationList;
			buildConfigurations = (
				401A37602876F7C600C411B9 /* Debug */,
				401A37612876F7C600C411B9 /* Release */,
			);
			defaultConfigurationIsVisible = 0;
			defaultConfigurationName = Release;
		};
		401A37622876F7C600C411B9 /* Build configuration list for PBXNativeTarget "swift-learning (macOS)" */ = {
			isa = XCConfigurationList;
			buildConfigurations = (
				401A37632876F7C600C411B9 /* Debug */,
				401A37642876F7C600C411B9 /* Release */,
			);
			defaultConfigurationIsVisible = 0;
			defaultConfigurationName = Release;
		};
/* End XCConfigurationList section */

/* Begin XCVersionGroup section */
		401A37402876F7C400C411B9 /* swift_learning.xcdatamodeld */ = {
			isa = XCVersionGroup;
			children = (
				401A37412876F7C400C411B9 /* Shared.xcdatamodel */,
			);
			currentVersion = 401A37412876F7C400C411B9 /* Shared.xcdatamodel */;
			path = swift_learning.xcdatamodeld;
			sourceTree = "<group>";
			versionGroupType = wrapper.xcdatamodel;
		};
/* End XCVersionGroup section */
	};
	rootObject = 401A373B2876F7C400C411B9 /* Project object */;
}
